
Microsoft Visual Studio Solution File, Format Version 12.00
# Visual Studio Version 17
VisualStudioVersion = 17.3.32901.215
MinimumVisualStudioVersion = 10.0.40219.1
Project("{FAE04EC0-301F-11D3-BF4B-00C04F79EFBC}") = "Day01", "Day1\Day01.csproj", "{8813D965-2151-43DC-A674-3344E3AA62BE}"
EndProject
Project("{FAE04EC0-301F-11D3-BF4B-00C04F79EFBC}") = "Day02", "Day2\Day02.csproj", "{4C81573F-B151-459E-8D4B-7588966D7BFF}"
EndProject
Project("{FAE04EC0-301F-11D3-BF4B-00C04F79EFBC}") = "Day03", "Day3\Day03.csproj", "{19583CB1-CF1A-4AA9-B33F-9CF9EB729277}"
EndProject
Project("{FAE04EC0-301F-11D3-BF4B-00C04F79EFBC}") = "Day04", "Day4\Day04.csproj", "{043EEBF2-6B04-4C07-9FD4-1A0523323A2C}"
EndProject
Project("{FAE04EC0-301F-11D3-BF4B-00C04F79EFBC}") = "Day05", "Day5\Day05.csproj", "{8AAE681C-C2F2-4015-A80C-59057D7794C4}"
EndProject
Project("{FAE04EC0-301F-11D3-BF4B-00C04F79EFBC}") = "Day06", "Day6\Day06.csproj", "{599A7DA0-2064-4E2D-90D6-A680B2E741BC}"
EndProject
Project("{FAE04EC0-301F-11D3-BF4B-00C04F79EFBC}") = "Day07", "Day7\Day07.csproj", "{EA616BEC-053F-463D-BCEE-EC4638C8FE89}"
EndProject
Project("{FAE04EC0-301F-11D3-BF4B-00C04F79EFBC}") = "Day08", "Day8\Day08.csproj", "{EA2F2DF2-778E-4223-A931-084C74E6D711}"
EndProject
Project("{FAE04EC0-301F-11D3-BF4B-00C04F79EFBC}") = "Day09", "Day9\Day09.csproj", "{013F724E-A93D-4160-968D-18E15AD41FED}"
EndProject
Project("{FAE04EC0-301F-11D3-BF4B-00C04F79EFBC}") = "Day10", "Day10\Day10.csproj", "{17D8ECC2-FEE6-4ADB-8363-1CEBA731DD4D}"
EndProject
Global
	GlobalSection(SolutionConfigurationPlatforms) = preSolution
		Debug|Any CPU = Debug|Any CPU
		Release|Any CPU = Release|Any CPU
	EndGlobalSection
	GlobalSection(ProjectConfigurationPlatforms) = postSolution
		{8813D965-2151-43DC-A674-3344E3AA62BE}.Debug|Any CPU.ActiveCfg = Debug|Any CPU
		{8813D965-2151-43DC-A674-3344E3AA62BE}.Debug|Any CPU.Build.0 = Debug|Any CPU
		{8813D965-2151-43DC-A674-3344E3AA62BE}.Release|Any CPU.ActiveCfg = Release|Any CPU
		{8813D965-2151-43DC-A674-3344E3AA62BE}.Release|Any CPU.Build.0 = Release|Any CPU
		{4C81573F-B151-459E-8D4B-7588966D7BFF}.Debug|Any CPU.ActiveCfg = Debug|Any CPU
		{4C81573F-B151-459E-8D4B-7588966D7BFF}.Debug|Any CPU.Build.0 = Debug|Any CPU
		{4C81573F-B151-459E-8D4B-7588966D7BFF}.Release|Any CPU.ActiveCfg = Release|Any CPU
		{4C81573F-B151-459E-8D4B-7588966D7BFF}.Release|Any CPU.Build.0 = Release|Any CPU
		{19583CB1-CF1A-4AA9-B33F-9CF9EB729277}.Debug|Any CPU.ActiveCfg = Debug|Any CPU
		{19583CB1-CF1A-4AA9-B33F-9CF9EB729277}.Debug|Any CPU.Build.0 = Debug|Any CPU
		{19583CB1-CF1A-4AA9-B33F-9CF9EB729277}.Release|Any CPU.ActiveCfg = Release|Any CPU
		{19583CB1-CF1A-4AA9-B33F-9CF9EB729277}.Release|Any CPU.Build.0 = Release|Any CPU
		{043EEBF2-6B04-4C07-9FD4-1A0523323A2C}.Debug|Any CPU.ActiveCfg = Debug|Any CPU
		{043EEBF2-6B04-4C07-9FD4-1A0523323A2C}.Debug|Any CPU.Build.0 = Debug|Any CPU
		{043EEBF2-6B04-4C07-9FD4-1A0523323A2C}.Release|Any CPU.ActiveCfg = Release|Any CPU
		{043EEBF2-6B04-4C07-9FD4-1A0523323A2C}.Release|Any CPU.Build.0 = Release|Any CPU
		{8AAE681C-C2F2-4015-A80C-59057D7794C4}.Debug|Any CPU.ActiveCfg = Debug|Any CPU
		{8AAE681C-C2F2-4015-A80C-59057D7794C4}.Debug|Any CPU.Build.0 = Debug|Any CPU
		{8AAE681C-C2F2-4015-A80C-59057D7794C4}.Release|Any CPU.ActiveCfg = Release|Any CPU
		{8AAE681C-C2F2-4015-A80C-59057D7794C4}.Release|Any CPU.Build.0 = Release|Any CPU
		{599A7DA0-2064-4E2D-90D6-A680B2E741BC}.Debug|Any CPU.ActiveCfg = Debug|Any CPU
		{599A7DA0-2064-4E2D-90D6-A680B2E741BC}.Debug|Any CPU.Build.0 = Debug|Any CPU
		{599A7DA0-2064-4E2D-90D6-A680B2E741BC}.Release|Any CPU.ActiveCfg = Release|Any CPU
		{599A7DA0-2064-4E2D-90D6-A680B2E741BC}.Release|Any CPU.Build.0 = Release|Any CPU
		{EA616BEC-053F-463D-BCEE-EC4638C8FE89}.Debug|Any CPU.ActiveCfg = Debug|Any CPU
		{EA616BEC-053F-463D-BCEE-EC4638C8FE89}.Debug|Any CPU.Build.0 = Debug|Any CPU
		{EA616BEC-053F-463D-BCEE-EC4638C8FE89}.Release|Any CPU.ActiveCfg = Release|Any CPU
		{EA616BEC-053F-463D-BCEE-EC4638C8FE89}.Release|Any CPU.Build.0 = Release|Any CPU
		{EA2F2DF2-778E-4223-A931-084C74E6D711}.Debug|Any CPU.ActiveCfg = Debug|Any CPU
		{EA2F2DF2-778E-4223-A931-084C74E6D711}.Debug|Any CPU.Build.0 = Debug|Any CPU
		{EA2F2DF2-778E-4223-A931-084C74E6D711}.Release|Any CPU.ActiveCfg = Release|Any CPU
		{EA2F2DF2-778E-4223-A931-084C74E6D711}.Release|Any CPU.Build.0 = Release|Any CPU
		{013F724E-A93D-4160-968D-18E15AD41FED}.Debug|Any CPU.ActiveCfg = Debug|Any CPU
		{013F724E-A93D-4160-968D-18E15AD41FED}.Debug|Any CPU.Build.0 = Debug|Any CPU
		{013F724E-A93D-4160-968D-18E15AD41FED}.Release|Any CPU.ActiveCfg = Release|Any CPU
		{013F724E-A93D-4160-968D-18E15AD41FED}.Release|Any CPU.Build.0 = Release|Any CPU
		{17D8ECC2-FEE6-4ADB-8363-1CEBA731DD4D}.Debug|Any CPU.ActiveCfg = Debug|Any CPU
		{17D8ECC2-FEE6-4ADB-8363-1CEBA731DD4D}.Debug|Any CPU.Build.0 = Debug|Any CPU
		{17D8ECC2-FEE6-4ADB-8363-1CEBA731DD4D}.Release|Any CPU.ActiveCfg = Release|Any CPU
		{17D8ECC2-FEE6-4ADB-8363-1CEBA731DD4D}.Release|Any CPU.Build.0 = Release|Any CPU
	EndGlobalSection
	GlobalSection(SolutionProperties) = preSolution
		HideSolutionNode = FALSE
	EndGlobalSection
	GlobalSection(ExtensibilityGlobals) = postSolution
		SolutionGuid = {E477B286-9214-4766-8E2E-9D5E935B4E71}
	EndGlobalSection
EndGlobal
